
Microsoft Visual Studio Solution File, Format Version 12.00
# Visual Studio 15
VisualStudioVersion = 15.0.28307.645
MinimumVisualStudioVersion = 10.0.40219.1
Project("{FAE04EC0-301F-11D3-BF4B-00C04F79EFBC}") = "CED", "CED\CED.csproj", "{39B3BA73-9004-412C-BB13-A261249961DA}"
EndProject
Project("{FAE04EC0-301F-11D3-BF4B-00C04F79EFBC}") = "MicrosoftAccessAPI", "MicosoftAccessAPI\MicrosoftAccessAPI.csproj", "{09D8C9FC-5876-4FFD-B00A-C9CFD2AEDA6F}"
EndProject
Global
	GlobalSection(SolutionConfigurationPlatforms) = preSolution
		Debug|Any CPU = Debug|Any CPU
		Release|Any CPU = Release|Any CPU
	EndGlobalSection
	GlobalSection(ProjectConfigurationPlatforms) = postSolution
		{39B3BA73-9004-412C-BB13-A261249961DA}.Debug|Any CPU.ActiveCfg = Debug|Any CPU
		{39B3BA73-9004-412C-BB13-A261249961DA}.Debug|Any CPU.Build.0 = Debug|Any CPU
		{39B3BA73-9004-412C-BB13-A261249961DA}.Release|Any CPU.ActiveCfg = Release|Any CPU
		{39B3BA73-9004-412C-BB13-A261249961DA}.Release|Any CPU.Build.0 = Release|Any CPU
		{09D8C9FC-5876-4FFD-B00A-C9CFD2AEDA6F}.Debug|Any CPU.ActiveCfg = Debug|Any CPU
		{09D8C9FC-5876-4FFD-B00A-C9CFD2AEDA6F}.Debug|Any CPU.Build.0 = Debug|Any CPU
		{09D8C9FC-5876-4FFD-B00A-C9CFD2AEDA6F}.Release|Any CPU.ActiveCfg = Release|Any CPU
		{09D8C9FC-5876-4FFD-B00A-C9CFD2AEDA6F}.Release|Any CPU.Build.0 = Release|Any CPU
	EndGlobalSection
	GlobalSection(SolutionProperties) = preSolution
		HideSolutionNode = FALSE
	EndGlobalSection
	GlobalSection(ExtensibilityGlobals) = postSolution
		SolutionGuid = {EA403D4A-373F-4166-A9DE-847BF2F4EE4D}
	EndGlobalSection
EndGlobal
